
Microsoft Visual Studio Solution File, Format Version 12.00
# Visual Studio Version 16
VisualStudioVersion = 16.0.29709.97
MinimumVisualStudioVersion = 10.0.40219.1
Project("{FAE04EC0-301F-11D3-BF4B-00C04F79EFBC}") = "AnyCompany", "AnyCompany\AnyCompany.csproj", "{89009C6B-4329-42D4-ADDA-5AF061416696}"
EndProject
Project("{FAE04EC0-301F-11D3-BF4B-00C04F79EFBC}") = "AnyCompany.Test", "AnyCompany.Test\AnyCompany.Test.csproj", "{A7DF49DD-01E0-48BF-BE70-AEAFADEF2936}"
EndProject
Global
	GlobalSection(SolutionConfigurationPlatforms) = preSolution
		Debug|Any CPU = Debug|Any CPU
		Release|Any CPU = Release|Any CPU
	EndGlobalSection
	GlobalSection(ProjectConfigurationPlatforms) = postSolution
		{89009C6B-4329-42D4-ADDA-5AF061416696}.Debug|Any CPU.ActiveCfg = Debug|Any CPU
		{89009C6B-4329-42D4-ADDA-5AF061416696}.Debug|Any CPU.Build.0 = Debug|Any CPU
		{89009C6B-4329-42D4-ADDA-5AF061416696}.Release|Any CPU.ActiveCfg = Release|Any CPU
		{89009C6B-4329-42D4-ADDA-5AF061416696}.Release|Any CPU.Build.0 = Release|Any CPU
		{A7DF49DD-01E0-48BF-BE70-AEAFADEF2936}.Debug|Any CPU.ActiveCfg = Debug|Any CPU
		{A7DF49DD-01E0-48BF-BE70-AEAFADEF2936}.Debug|Any CPU.Build.0 = Debug|Any CPU
		{A7DF49DD-01E0-48BF-BE70-AEAFADEF2936}.Release|Any CPU.ActiveCfg = Release|Any CPU
		{A7DF49DD-01E0-48BF-BE70-AEAFADEF2936}.Release|Any CPU.Build.0 = Release|Any CPU
	EndGlobalSection
	GlobalSection(SolutionProperties) = preSolution
		HideSolutionNode = FALSE
	EndGlobalSection
	GlobalSection(ExtensibilityGlobals) = postSolution
		SolutionGuid = {9162AB11-B5CB-4EE8-B397-EBA9374DEF5D}
	EndGlobalSection
EndGlobal
